
Microsoft Visual Studio Solution File, Format Version 12.00
# Visual Studio 15
VisualStudioVersion = 15.0.28010.2036
MinimumVisualStudioVersion = 10.0.40219.1
Project("{FAE04EC0-301F-11D3-BF4B-00C04F79EFBC}") = "proyecto4", "proyecto4\proyecto4.csproj", "{33462026-4054-4D0A-848D-ED0EB4878EAC}"
EndProject
Global
	GlobalSection(SolutionConfigurationPlatforms) = preSolution
		Debug|Any CPU = Debug|Any CPU
		Release|Any CPU = Release|Any CPU
	EndGlobalSection
	GlobalSection(ProjectConfigurationPlatforms) = postSolution
		{33462026-4054-4D0A-848D-ED0EB4878EAC}.Debug|Any CPU.ActiveCfg = Debug|Any CPU
		{33462026-4054-4D0A-848D-ED0EB4878EAC}.Debug|Any CPU.Build.0 = Debug|Any CPU
		{33462026-4054-4D0A-848D-ED0EB4878EAC}.Release|Any CPU.ActiveCfg = Release|Any CPU
		{33462026-4054-4D0A-848D-ED0EB4878EAC}.Release|Any CPU.Build.0 = Release|Any CPU
	EndGlobalSection
	GlobalSection(SolutionProperties) = preSolution
		HideSolutionNode = FALSE
	EndGlobalSection
	GlobalSection(ExtensibilityGlobals) = postSolution
		SolutionGuid = {F766C8B7-500B-4347-97C2-B9EC16DFC3C6}
	EndGlobalSection
EndGlobal
